
Microsoft Visual Studio Solution File, Format Version 12.00
# Visual Studio 15
VisualStudioVersion = 15.0.28010.2041
MinimumVisualStudioVersion = 10.0.40219.1
Project("{FAE04EC0-301F-11D3-BF4B-00C04F79EFBC}") = "RabbitMQ.Sample", "RabbitMQ.Sample\RabbitMQ.Sample.csproj", "{362EDFC9-FD7D-45C0-BB87-AC1C208B0AFE}"
EndProject
Global
	GlobalSection(SolutionConfigurationPlatforms) = preSolution
		Debug|Any CPU = Debug|Any CPU
		Release|Any CPU = Release|Any CPU
	EndGlobalSection
	GlobalSection(ProjectConfigurationPlatforms) = postSolution
		{362EDFC9-FD7D-45C0-BB87-AC1C208B0AFE}.Debug|Any CPU.ActiveCfg = Debug|Any CPU
		{362EDFC9-FD7D-45C0-BB87-AC1C208B0AFE}.Debug|Any CPU.Build.0 = Debug|Any CPU
		{362EDFC9-FD7D-45C0-BB87-AC1C208B0AFE}.Release|Any CPU.ActiveCfg = Release|Any CPU
		{362EDFC9-FD7D-45C0-BB87-AC1C208B0AFE}.Release|Any CPU.Build.0 = Release|Any CPU
	EndGlobalSection
	GlobalSection(SolutionProperties) = preSolution
		HideSolutionNode = FALSE
	EndGlobalSection
	GlobalSection(ExtensibilityGlobals) = postSolution
		SolutionGuid = {0650C455-5AA9-40CC-9A0A-C5DCDE99182B}
	EndGlobalSection
EndGlobal
